
Microsoft Visual Studio Solution File, Format Version 12.00
# Visual Studio 15
VisualStudioVersion = 15.0.28307.168
MinimumVisualStudioVersion = 10.0.40219.1
Project("{9A19103F-16F7-4668-BE54-9A1E7A4F7556}") = "NiuNiu.Entity", "NiuNiu.Entity\NiuNiu.Entity.csproj", "{7AAF63ED-A34B-4FAC-98F8-784B66E4D6C1}"
EndProject
Project("{9A19103F-16F7-4668-BE54-9A1E7A4F7556}") = "NiuNiu.DAL", "NiuNiu.DAL\NiuNiu.DAL.csproj", "{D9E0A9B4-9E89-4BEB-8822-47E6DEB325BC}"
EndProject
Project("{9A19103F-16F7-4668-BE54-9A1E7A4F7556}") = "NiuNiu.BLL", "NiuNiu.BLL\NiuNiu.BLL.csproj", "{0218FF5C-B1B3-45C0-836E-69545C6A7682}"
EndProject
Project("{9A19103F-16F7-4668-BE54-9A1E7A4F7556}") = "NiuNiu.IDAL", "NiuNiu.IDAL\NiuNiu.IDAL.csproj", "{5E01F226-5DFF-4EB8-84E9-B011E991D8BB}"
EndProject
Project("{9A19103F-16F7-4668-BE54-9A1E7A4F7556}") = "NiuNiu.IBLL", "NiuNiu.IBLL\NiuNiu.IBLL.csproj", "{AE03174F-50D7-492A-A320-A1A17465E45B}"
EndProject
Project("{9A19103F-16F7-4668-BE54-9A1E7A4F7556}") = "NiuNiu.BlogEntry", "NiuNiu.BlogEntry\NiuNiu.BlogEntry.csproj", "{173C00F9-542D-498E-BE0C-5B3C3DA599A2}"
EndProject
Project("{9A19103F-16F7-4668-BE54-9A1E7A4F7556}") = "NiuNiu.Common", "NiuNiu.Common\NiuNiu.Common.csproj", "{E29C7D59-7707-4828-B356-9B1782072EA2}"
EndProject
Global
	GlobalSection(SolutionConfigurationPlatforms) = preSolution
		Debug|Any CPU = Debug|Any CPU
		Release|Any CPU = Release|Any CPU
	EndGlobalSection
	GlobalSection(ProjectConfigurationPlatforms) = postSolution
		{7AAF63ED-A34B-4FAC-98F8-784B66E4D6C1}.Debug|Any CPU.ActiveCfg = Debug|Any CPU
		{7AAF63ED-A34B-4FAC-98F8-784B66E4D6C1}.Debug|Any CPU.Build.0 = Debug|Any CPU
		{7AAF63ED-A34B-4FAC-98F8-784B66E4D6C1}.Release|Any CPU.ActiveCfg = Release|Any CPU
		{7AAF63ED-A34B-4FAC-98F8-784B66E4D6C1}.Release|Any CPU.Build.0 = Release|Any CPU
		{D9E0A9B4-9E89-4BEB-8822-47E6DEB325BC}.Debug|Any CPU.ActiveCfg = Debug|Any CPU
		{D9E0A9B4-9E89-4BEB-8822-47E6DEB325BC}.Debug|Any CPU.Build.0 = Debug|Any CPU
		{D9E0A9B4-9E89-4BEB-8822-47E6DEB325BC}.Release|Any CPU.ActiveCfg = Release|Any CPU
		{D9E0A9B4-9E89-4BEB-8822-47E6DEB325BC}.Release|Any CPU.Build.0 = Release|Any CPU
		{0218FF5C-B1B3-45C0-836E-69545C6A7682}.Debug|Any CPU.ActiveCfg = Debug|Any CPU
		{0218FF5C-B1B3-45C0-836E-69545C6A7682}.Debug|Any CPU.Build.0 = Debug|Any CPU
		{0218FF5C-B1B3-45C0-836E-69545C6A7682}.Release|Any CPU.ActiveCfg = Release|Any CPU
		{0218FF5C-B1B3-45C0-836E-69545C6A7682}.Release|Any CPU.Build.0 = Release|Any CPU
		{5E01F226-5DFF-4EB8-84E9-B011E991D8BB}.Debug|Any CPU.ActiveCfg = Debug|Any CPU
		{5E01F226-5DFF-4EB8-84E9-B011E991D8BB}.Debug|Any CPU.Build.0 = Debug|Any CPU
		{5E01F226-5DFF-4EB8-84E9-B011E991D8BB}.Release|Any CPU.ActiveCfg = Release|Any CPU
		{5E01F226-5DFF-4EB8-84E9-B011E991D8BB}.Release|Any CPU.Build.0 = Release|Any CPU
		{AE03174F-50D7-492A-A320-A1A17465E45B}.Debug|Any CPU.ActiveCfg = Debug|Any CPU
		{AE03174F-50D7-492A-A320-A1A17465E45B}.Debug|Any CPU.Build.0 = Debug|Any CPU
		{AE03174F-50D7-492A-A320-A1A17465E45B}.Release|Any CPU.ActiveCfg = Release|Any CPU
		{AE03174F-50D7-492A-A320-A1A17465E45B}.Release|Any CPU.Build.0 = Release|Any CPU
		{173C00F9-542D-498E-BE0C-5B3C3DA599A2}.Debug|Any CPU.ActiveCfg = Debug|Any CPU
		{173C00F9-542D-498E-BE0C-5B3C3DA599A2}.Debug|Any CPU.Build.0 = Debug|Any CPU
		{173C00F9-542D-498E-BE0C-5B3C3DA599A2}.Release|Any CPU.ActiveCfg = Release|Any CPU
		{173C00F9-542D-498E-BE0C-5B3C3DA599A2}.Release|Any CPU.Build.0 = Release|Any CPU
		{E29C7D59-7707-4828-B356-9B1782072EA2}.Debug|Any CPU.ActiveCfg = Debug|Any CPU
		{E29C7D59-7707-4828-B356-9B1782072EA2}.Debug|Any CPU.Build.0 = Debug|Any CPU
		{E29C7D59-7707-4828-B356-9B1782072EA2}.Release|Any CPU.ActiveCfg = Release|Any CPU
		{E29C7D59-7707-4828-B356-9B1782072EA2}.Release|Any CPU.Build.0 = Release|Any CPU
	EndGlobalSection
	GlobalSection(SolutionProperties) = preSolution
		HideSolutionNode = FALSE
	EndGlobalSection
	GlobalSection(ExtensibilityGlobals) = postSolution
		SolutionGuid = {A685C6CC-A9CF-4223-94D2-651EA251F091}
	EndGlobalSection
EndGlobal
